
Microsoft Visual Studio Solution File, Format Version 12.00
# Visual Studio Version 16
VisualStudioVersion = 16.0.30523.141
MinimumVisualStudioVersion = 15.0.26124.0
Project("{2150E333-8FDC-42A3-9474-1A3956D46DE8}") = "CH02", "CH02", "{D7BFC75C-4C08-49C5-95CA-9631A9772E11}"
EndProject
Project("{9A19103F-16F7-4668-BE54-9A1E7A4F7556}") = "Algorithms", "CH02\Algorithms\Algorithms.csproj", "{050EED9E-F8CB-4C29-AFDD-CFD8C3A0EFD7}"
EndProject
Project("{FAE04EC0-301F-11D3-BF4B-00C04F79EFBC}") = "Arrays", "CH02\Arrays\Arrays.csproj", "{BEBE023C-2498-4209-9A0D-4B3B6A810BAB}"
EndProject
Project("{9A19103F-16F7-4668-BE54-9A1E7A4F7556}") = "HashCode", "CH02\HashCode\HashCode.csproj", "{417C03A6-4A07-4437-86F4-BBDA2F34161F}"
EndProject
Project("{9A19103F-16F7-4668-BE54-9A1E7A4F7556}") = "Nullability", "CH02\Nullability\Nullability.csproj", "{308D2613-9D71-4425-9D95-60932EC2FBA9}"
EndProject
Project("{9A19103F-16F7-4668-BE54-9A1E7A4F7556}") = "ReferenceVsValueTypes", "CH02\ReferenceVsValueTypes\ReferenceVsValueTypes.csproj", "{7E1DB5EE-E152-42C0-97CC-F3C625FF3615}"
EndProject
Project("{9A19103F-16F7-4668-BE54-9A1E7A4F7556}") = "Strings", "CH02\Strings\Strings.csproj", "{38935CC8-317E-4606-89DD-F532FC50E729}"
EndProject
Project("{9A19103F-16F7-4668-BE54-9A1E7A4F7556}") = "Supercalifragilisticexpialidocious", "CH02\Supercalifragilisticexpialidocious\Supercalifragilisticexpialidocious.csproj", "{641CC7EA-F096-451C-866B-7EF1BE609C93}"
EndProject
Project("{9A19103F-16F7-4668-BE54-9A1E7A4F7556}") = "ValidationContext", "CH02\ValidationContext\ValidationContext.csproj", "{2460E488-A9C0-4EA2-A17C-FF3A5A63DD8E}"
EndProject
Project("{2150E333-8FDC-42A3-9474-1A3956D46DE8}") = "CH03", "CH03", "{79266305-0F36-4958-99F9-AD4996D6E0B1}"
EndProject
Project("{9A19103F-16F7-4668-BE54-9A1E7A4F7556}") = "ClassesVsStructs", "CH03\ClassesVsStructs\ClassesVsStructs.csproj", "{6F8BD5B1-1D6B-4A49-AEB7-5A85EA14B0B4}"
EndProject
Project("{9A19103F-16F7-4668-BE54-9A1E7A4F7556}") = "EmojiChat", "CH03\EmojiChat\EmojiChat.csproj", "{B5A1B2AE-F4C1-409A-8B49-68265C91AC93}"
EndProject
Project("{9A19103F-16F7-4668-BE54-9A1E7A4F7556}") = "GoTo", "CH03\GoTo\GoTo.csproj", "{0B75B23F-1BB5-4B5C-BD74-6DD08E3358E7}"
EndProject
Project("{9A19103F-16F7-4668-BE54-9A1E7A4F7556}") = "TempReader", "CH03\HttpHandler\TempReader.csproj", "{0C37D1EE-7718-4B3C-A7A9-8800D5E5DCF0}"
EndProject
Project("{9A19103F-16F7-4668-BE54-9A1E7A4F7556}") = "IfElse", "CH03\IfElse\IfElse.csproj", "{46DF4B32-7D3D-4DA5-90A2-0BF373BF02A6}"
EndProject
Project("{9A19103F-16F7-4668-BE54-9A1E7A4F7556}") = "OrderAPI", "CH03\OrderAPI\OrderAPI.csproj", "{433BBCFA-9F42-4A97-93EF-8632D1C33728}"
EndProject
Project("{9A19103F-16F7-4668-BE54-9A1E7A4F7556}") = "Shoppidy", "CH03\Shoppidy\Shoppidy.csproj", "{842FF074-140C-4918-9F98-C8E13C20FC7F}"
EndProject
Project("{9A19103F-16F7-4668-BE54-9A1E7A4F7556}") = "TechnicalDebt", "CH03\TechnicalDebt\TechnicalDebt.csproj", "{846CFB3B-B074-4C0E-A687-1BEDE12FDA82}"
EndProject
Project("{9A19103F-16F7-4668-BE54-9A1E7A4F7556}") = "Twistat", "CH03\Twistat\Twistat.csproj", "{1294C040-CFED-48FD-A07F-3E64A27C3936}"
EndProject
Project("{2150E333-8FDC-42A3-9474-1A3956D46DE8}") = "Solution Items", "Solution Items", "{2BBAFA3D-747B-4422-9A86-E1FE53C96F38}"
	ProjectSection(SolutionItems) = preProject
		.editorconfig = .editorconfig
		README.md = README.md
	EndProjectSection
EndProject
Project("{9A19103F-16F7-4668-BE54-9A1E7A4F7556}") = "DateUtils", "CH04\DateUtils\DateUtils.csproj", "{6D96F745-344E-46D0-B710-7899B96F637F}"
EndProject
Project("{2150E333-8FDC-42A3-9474-1A3956D46DE8}") = "CH04", "CH04", "{EE69A107-8476-4DBD-B1FF-1614521E767E}"
EndProject
Project("{9A19103F-16F7-4668-BE54-9A1E7A4F7556}") = "Tests", "CH04\DateUtilsTests\Tests.csproj", "{BD4DFC24-B807-4C5D-9EC6-608D5F1056B1}"
EndProject
Project("{9A19103F-16F7-4668-BE54-9A1E7A4F7556}") = "Posts", "CH04\Posts\Posts.csproj", "{81AD0D9A-D660-41CD-AF39-51F8B9039C42}"
EndProject
Project("{9A19103F-16F7-4668-BE54-9A1E7A4F7556}") = "Summer", "CH04\Summer\Summer.csproj", "{84E42051-0DC5-4492-9537-461D099C7E1C}"
EndProject
Project("{9A19103F-16F7-4668-BE54-9A1E7A4F7556}") = "User", "CH04\User\User.csproj", "{FC89C3BF-240A-4D74-8EE2-636B2698FA39}"
EndProject
Project("{2150E333-8FDC-42A3-9474-1A3956D46DE8}") = "CH05", "CH05", "{8AB706F8-ABD6-4385-AB4E-E891D9CA6444}"
	ProjectSection(SolutionItems) = preProject
		CH05\BlabberCore\BlabberCore.csproj = CH05\BlabberCore\BlabberCore.csproj
	EndProjectSection
EndProject
Project("{2150E333-8FDC-42A3-9474-1A3956D46DE8}") = "CH06", "CH06", "{5EAF32BE-61D3-4E37-8D80-09AA1801EB99}"
EndProject
Project("{FAE04EC0-301F-11D3-BF4B-00C04F79EFBC}") = "Blabber", "CH05\Blabber\Blabber.csproj", "{6F475151-CC6C-455D-8189-7665E2417406}"
EndProject
Project("{9A19103F-16F7-4668-BE54-9A1E7A4F7556}") = "Blabber.Models", "CH05\Blabber.Models\Blabber.Models.csproj", "{70F61CFD-39D0-4FE2-8776-26E05673281D}"
EndProject
Project("{9A19103F-16F7-4668-BE54-9A1E7A4F7556}") = "DI", "CH05\DI\DI.csproj", "{C9437C77-8364-4E10-A3C1-1AF4C90446A4}"
EndProject
Project("{9A19103F-16F7-4668-BE54-9A1E7A4F7556}") = "LoginExample", "CH06\LoginExample\LoginExample.csproj", "{D26B1D97-F540-4FCB-BC37-662185B40D34}"
EndProject
Project("{9A19103F-16F7-4668-BE54-9A1E7A4F7556}") = "FoobleXSS", "CH06\XSS\FoobleXSS.csproj", "{6CBB6AC2-F82C-4C81-9CEC-324D422C56E8}"
EndProject
Project("{2150E333-8FDC-42A3-9474-1A3956D46DE8}") = "CH07", "CH07", "{85DF93AB-5501-4B47-926F-13F535A8D1BA}"
EndProject
Project("{9A19103F-16F7-4668-BE54-9A1E7A4F7556}") = "SimpleBenchmarkRunner", "CH07\BenchmarkRunner\SimpleBenchmarkRunner.csproj", "{9599A64D-94E0-4BD5-B553-4E81A7EA313E}"
EndProject
Project("{9A19103F-16F7-4668-BE54-9A1E7A4F7556}") = "IO", "CH07\IO\IO.csproj", "{05065794-16DD-41A2-BBC3-DBA5439D0EFC}"
EndProject
Project("{9A19103F-16F7-4668-BE54-9A1E7A4F7556}") = "Patterns", "CH07\Patterns\Patterns.csproj", "{272A078A-D372-4749-952F-AF346828B143}"
EndProject
Global
	GlobalSection(SolutionConfigurationPlatforms) = preSolution
		Debug|Any CPU = Debug|Any CPU
		Debug|x64 = Debug|x64
		Debug|x86 = Debug|x86
		Release|Any CPU = Release|Any CPU
		Release|x64 = Release|x64
		Release|x86 = Release|x86
	EndGlobalSection
	GlobalSection(ProjectConfigurationPlatforms) = postSolution
		{050EED9E-F8CB-4C29-AFDD-CFD8C3A0EFD7}.Debug|Any CPU.ActiveCfg = Debug|Any CPU
		{050EED9E-F8CB-4C29-AFDD-CFD8C3A0EFD7}.Debug|Any CPU.Build.0 = Debug|Any CPU
		{050EED9E-F8CB-4C29-AFDD-CFD8C3A0EFD7}.Debug|x64.ActiveCfg = Debug|Any CPU
		{050EED9E-F8CB-4C29-AFDD-CFD8C3A0EFD7}.Debug|x64.Build.0 = Debug|Any CPU
		{050EED9E-F8CB-4C29-AFDD-CFD8C3A0EFD7}.Debug|x86.ActiveCfg = Debug|Any CPU
		{050EED9E-F8CB-4C29-AFDD-CFD8C3A0EFD7}.Debug|x86.Build.0 = Debug|Any CPU
		{050EED9E-F8CB-4C29-AFDD-CFD8C3A0EFD7}.Release|Any CPU.ActiveCfg = Release|Any CPU
		{050EED9E-F8CB-4C29-AFDD-CFD8C3A0EFD7}.Release|Any CPU.Build.0 = Release|Any CPU
		{050EED9E-F8CB-4C29-AFDD-CFD8C3A0EFD7}.Release|x64.ActiveCfg = Release|Any CPU
		{050EED9E-F8CB-4C29-AFDD-CFD8C3A0EFD7}.Release|x64.Build.0 = Release|Any CPU
		{050EED9E-F8CB-4C29-AFDD-CFD8C3A0EFD7}.Release|x86.ActiveCfg = Release|Any CPU
		{050EED9E-F8CB-4C29-AFDD-CFD8C3A0EFD7}.Release|x86.Build.0 = Release|Any CPU
		{BEBE023C-2498-4209-9A0D-4B3B6A810BAB}.Debug|Any CPU.ActiveCfg = Debug|Any CPU
		{BEBE023C-2498-4209-9A0D-4B3B6A810BAB}.Debug|Any CPU.Build.0 = Debug|Any CPU
		{BEBE023C-2498-4209-9A0D-4B3B6A810BAB}.Debug|x64.ActiveCfg = Debug|Any CPU
		{BEBE023C-2498-4209-9A0D-4B3B6A810BAB}.Debug|x64.Build.0 = Debug|Any CPU
		{BEBE023C-2498-4209-9A0D-4B3B6A810BAB}.Debug|x86.ActiveCfg = Debug|Any CPU
		{BEBE023C-2498-4209-9A0D-4B3B6A810BAB}.Debug|x86.Build.0 = Debug|Any CPU
		{BEBE023C-2498-4209-9A0D-4B3B6A810BAB}.Release|Any CPU.ActiveCfg = Debug|Any CPU
		{BEBE023C-2498-4209-9A0D-4B3B6A810BAB}.Release|Any CPU.Build.0 = Debug|Any CPU
		{BEBE023C-2498-4209-9A0D-4B3B6A810BAB}.Release|x64.ActiveCfg = Debug|Any CPU
		{BEBE023C-2498-4209-9A0D-4B3B6A810BAB}.Release|x64.Build.0 = Debug|Any CPU
		{BEBE023C-2498-4209-9A0D-4B3B6A810BAB}.Release|x86.ActiveCfg = Debug|Any CPU
		{BEBE023C-2498-4209-9A0D-4B3B6A810BAB}.Release|x86.Build.0 = Debug|Any CPU
		{417C03A6-4A07-4437-86F4-BBDA2F34161F}.Debug|Any CPU.ActiveCfg = Debug|Any CPU
		{417C03A6-4A07-4437-86F4-BBDA2F34161F}.Debug|Any CPU.Build.0 = Debug|Any CPU
		{417C03A6-4A07-4437-86F4-BBDA2F34161F}.Debug|x64.ActiveCfg = Debug|Any CPU
		{417C03A6-4A07-4437-86F4-BBDA2F34161F}.Debug|x64.Build.0 = Debug|Any CPU
		{417C03A6-4A07-4437-86F4-BBDA2F34161F}.Debug|x86.ActiveCfg = Debug|Any CPU
		{417C03A6-4A07-4437-86F4-BBDA2F34161F}.Debug|x86.Build.0 = Debug|Any CPU
		{417C03A6-4A07-4437-86F4-BBDA2F34161F}.Release|Any CPU.ActiveCfg = Release|Any CPU
		{417C03A6-4A07-4437-86F4-BBDA2F34161F}.Release|Any CPU.Build.0 = Release|Any CPU
		{417C03A6-4A07-4437-86F4-BBDA2F34161F}.Release|x64.ActiveCfg = Release|Any CPU
		{417C03A6-4A07-4437-86F4-BBDA2F34161F}.Release|x64.Build.0 = Release|Any CPU
		{417C03A6-4A07-4437-86F4-BBDA2F34161F}.Release|x86.ActiveCfg = Release|Any CPU
		{417C03A6-4A07-4437-86F4-BBDA2F34161F}.Release|x86.Build.0 = Release|Any CPU
		{308D2613-9D71-4425-9D95-60932EC2FBA9}.Debug|Any CPU.ActiveCfg = Debug|Any CPU
		{308D2613-9D71-4425-9D95-60932EC2FBA9}.Debug|Any CPU.Build.0 = Debug|Any CPU
		{308D2613-9D71-4425-9D95-60932EC2FBA9}.Debug|x64.ActiveCfg = Debug|Any CPU
		{308D2613-9D71-4425-9D95-60932EC2FBA9}.Debug|x64.Build.0 = Debug|Any CPU
		{308D2613-9D71-4425-9D95-60932EC2FBA9}.Debug|x86.ActiveCfg = Debug|Any CPU
		{308D2613-9D71-4425-9D95-60932EC2FBA9}.Debug|x86.Build.0 = Debug|Any CPU
		{308D2613-9D71-4425-9D95-60932EC2FBA9}.Release|Any CPU.ActiveCfg = Release|Any CPU
		{308D2613-9D71-4425-9D95-60932EC2FBA9}.Release|Any CPU.Build.0 = Release|Any CPU
		{308D2613-9D71-4425-9D95-60932EC2FBA9}.Release|x64.ActiveCfg = Release|Any CPU
		{308D2613-9D71-4425-9D95-60932EC2FBA9}.Release|x64.Build.0 = Release|Any CPU
		{308D2613-9D71-4425-9D95-60932EC2FBA9}.Release|x86.ActiveCfg = Release|Any CPU
		{308D2613-9D71-4425-9D95-60932EC2FBA9}.Release|x86.Build.0 = Release|Any CPU
		{7E1DB5EE-E152-42C0-97CC-F3C625FF3615}.Debug|Any CPU.ActiveCfg = Debug|Any CPU
		{7E1DB5EE-E152-42C0-97CC-F3C625FF3615}.Debug|Any CPU.Build.0 = Debug|Any CPU
		{7E1DB5EE-E152-42C0-97CC-F3C625FF3615}.Debug|x64.ActiveCfg = Debug|Any CPU
		{7E1DB5EE-E152-42C0-97CC-F3C625FF3615}.Debug|x64.Build.0 = Debug|Any CPU
		{7E1DB5EE-E152-42C0-97CC-F3C625FF3615}.Debug|x86.ActiveCfg = Debug|Any CPU
		{7E1DB5EE-E152-42C0-97CC-F3C625FF3615}.Debug|x86.Build.0 = Debug|Any CPU
		{7E1DB5EE-E152-42C0-97CC-F3C625FF3615}.Release|Any CPU.ActiveCfg = Release|Any CPU
		{7E1DB5EE-E152-42C0-97CC-F3C625FF3615}.Release|Any CPU.Build.0 = Release|Any CPU
		{7E1DB5EE-E152-42C0-97CC-F3C625FF3615}.Release|x64.ActiveCfg = Release|Any CPU
		{7E1DB5EE-E152-42C0-97CC-F3C625FF3615}.Release|x64.Build.0 = Release|Any CPU
		{7E1DB5EE-E152-42C0-97CC-F3C625FF3615}.Release|x86.ActiveCfg = Release|Any CPU
		{7E1DB5EE-E152-42C0-97CC-F3C625FF3615}.Release|x86.Build.0 = Release|Any CPU
		{38935CC8-317E-4606-89DD-F532FC50E729}.Debug|Any CPU.ActiveCfg = Debug|Any CPU
		{38935CC8-317E-4606-89DD-F532FC50E729}.Debug|Any CPU.Build.0 = Debug|Any CPU
		{38935CC8-317E-4606-89DD-F532FC50E729}.Debug|x64.ActiveCfg = Debug|Any CPU
		{38935CC8-317E-4606-89DD-F532FC50E729}.Debug|x64.Build.0 = Debug|Any CPU
		{38935CC8-317E-4606-89DD-F532FC50E729}.Debug|x86.ActiveCfg = Debug|Any CPU
		{38935CC8-317E-4606-89DD-F532FC50E729}.Debug|x86.Build.0 = Debug|Any CPU
		{38935CC8-317E-4606-89DD-F532FC50E729}.Release|Any CPU.ActiveCfg = Release|Any CPU
		{38935CC8-317E-4606-89DD-F532FC50E729}.Release|Any CPU.Build.0 = Release|Any CPU
		{38935CC8-317E-4606-89DD-F532FC50E729}.Release|x64.ActiveCfg = Release|Any CPU
		{38935CC8-317E-4606-89DD-F532FC50E729}.Release|x64.Build.0 = Release|Any CPU
		{38935CC8-317E-4606-89DD-F532FC50E729}.Release|x86.ActiveCfg = Release|Any CPU
		{38935CC8-317E-4606-89DD-F532FC50E729}.Release|x86.Build.0 = Release|Any CPU
		{641CC7EA-F096-451C-866B-7EF1BE609C93}.Debug|Any CPU.ActiveCfg = Debug|Any CPU
		{641CC7EA-F096-451C-866B-7EF1BE609C93}.Debug|Any CPU.Build.0 = Debug|Any CPU
		{641CC7EA-F096-451C-866B-7EF1BE609C93}.Debug|x64.ActiveCfg = Debug|Any CPU
		{641CC7EA-F096-451C-866B-7EF1BE609C93}.Debug|x64.Build.0 = Debug|Any CPU
		{641CC7EA-F096-451C-866B-7EF1BE609C93}.Debug|x86.ActiveCfg = Debug|Any CPU
		{641CC7EA-F096-451C-866B-7EF1BE609C93}.Debug|x86.Build.0 = Debug|Any CPU
		{641CC7EA-F096-451C-866B-7EF1BE609C93}.Release|Any CPU.ActiveCfg = Release|Any CPU
		{641CC7EA-F096-451C-866B-7EF1BE609C93}.Release|Any CPU.Build.0 = Release|Any CPU
		{641CC7EA-F096-451C-866B-7EF1BE609C93}.Release|x64.ActiveCfg = Release|Any CPU
		{641CC7EA-F096-451C-866B-7EF1BE609C93}.Release|x64.Build.0 = Release|Any CPU
		{641CC7EA-F096-451C-866B-7EF1BE609C93}.Release|x86.ActiveCfg = Release|Any CPU
		{641CC7EA-F096-451C-866B-7EF1BE609C93}.Release|x86.Build.0 = Release|Any CPU
		{2460E488-A9C0-4EA2-A17C-FF3A5A63DD8E}.Debug|Any CPU.ActiveCfg = Debug|Any CPU
		{2460E488-A9C0-4EA2-A17C-FF3A5A63DD8E}.Debug|Any CPU.Build.0 = Debug|Any CPU
		{2460E488-A9C0-4EA2-A17C-FF3A5A63DD8E}.Debug|x64.ActiveCfg = Debug|Any CPU
		{2460E488-A9C0-4EA2-A17C-FF3A5A63DD8E}.Debug|x64.Build.0 = Debug|Any CPU
		{2460E488-A9C0-4EA2-A17C-FF3A5A63DD8E}.Debug|x86.ActiveCfg = Debug|Any CPU
		{2460E488-A9C0-4EA2-A17C-FF3A5A63DD8E}.Debug|x86.Build.0 = Debug|Any CPU
		{2460E488-A9C0-4EA2-A17C-FF3A5A63DD8E}.Release|Any CPU.ActiveCfg = Release|Any CPU
		{2460E488-A9C0-4EA2-A17C-FF3A5A63DD8E}.Release|Any CPU.Build.0 = Release|Any CPU
		{2460E488-A9C0-4EA2-A17C-FF3A5A63DD8E}.Release|x64.ActiveCfg = Release|Any CPU
		{2460E488-A9C0-4EA2-A17C-FF3A5A63DD8E}.Release|x64.Build.0 = Release|Any CPU
		{2460E488-A9C0-4EA2-A17C-FF3A5A63DD8E}.Release|x86.ActiveCfg = Release|Any CPU
		{2460E488-A9C0-4EA2-A17C-FF3A5A63DD8E}.Release|x86.Build.0 = Release|Any CPU
		{6F8BD5B1-1D6B-4A49-AEB7-5A85EA14B0B4}.Debug|Any CPU.ActiveCfg = Debug|Any CPU
		{6F8BD5B1-1D6B-4A49-AEB7-5A85EA14B0B4}.Debug|Any CPU.Build.0 = Debug|Any CPU
		{6F8BD5B1-1D6B-4A49-AEB7-5A85EA14B0B4}.Debug|x64.ActiveCfg = Debug|Any CPU
		{6F8BD5B1-1D6B-4A49-AEB7-5A85EA14B0B4}.Debug|x64.Build.0 = Debug|Any CPU
		{6F8BD5B1-1D6B-4A49-AEB7-5A85EA14B0B4}.Debug|x86.ActiveCfg = Debug|Any CPU
		{6F8BD5B1-1D6B-4A49-AEB7-5A85EA14B0B4}.Debug|x86.Build.0 = Debug|Any CPU
		{6F8BD5B1-1D6B-4A49-AEB7-5A85EA14B0B4}.Release|Any CPU.ActiveCfg = Release|Any CPU
		{6F8BD5B1-1D6B-4A49-AEB7-5A85EA14B0B4}.Release|Any CPU.Build.0 = Release|Any CPU
		{6F8BD5B1-1D6B-4A49-AEB7-5A85EA14B0B4}.Release|x64.ActiveCfg = Release|Any CPU
		{6F8BD5B1-1D6B-4A49-AEB7-5A85EA14B0B4}.Release|x64.Build.0 = Release|Any CPU
		{6F8BD5B1-1D6B-4A49-AEB7-5A85EA14B0B4}.Release|x86.ActiveCfg = Release|Any CPU
		{6F8BD5B1-1D6B-4A49-AEB7-5A85EA14B0B4}.Release|x86.Build.0 = Release|Any CPU
		{B5A1B2AE-F4C1-409A-8B49-68265C91AC93}.Debug|Any CPU.ActiveCfg = Debug|Any CPU
		{B5A1B2AE-F4C1-409A-8B49-68265C91AC93}.Debug|Any CPU.Build.0 = Debug|Any CPU
		{B5A1B2AE-F4C1-409A-8B49-68265C91AC93}.Debug|x64.ActiveCfg = Debug|Any CPU
		{B5A1B2AE-F4C1-409A-8B49-68265C91AC93}.Debug|x64.Build.0 = Debug|Any CPU
		{B5A1B2AE-F4C1-409A-8B49-68265C91AC93}.Debug|x86.ActiveCfg = Debug|Any CPU
		{B5A1B2AE-F4C1-409A-8B49-68265C91AC93}.Debug|x86.Build.0 = Debug|Any CPU
		{B5A1B2AE-F4C1-409A-8B49-68265C91AC93}.Release|Any CPU.ActiveCfg = Release|Any CPU
		{B5A1B2AE-F4C1-409A-8B49-68265C91AC93}.Release|Any CPU.Build.0 = Release|Any CPU
		{B5A1B2AE-F4C1-409A-8B49-68265C91AC93}.Release|x64.ActiveCfg = Release|Any CPU
		{B5A1B2AE-F4C1-409A-8B49-68265C91AC93}.Release|x64.Build.0 = Release|Any CPU
		{B5A1B2AE-F4C1-409A-8B49-68265C91AC93}.Release|x86.ActiveCfg = Release|Any CPU
		{B5A1B2AE-F4C1-409A-8B49-68265C91AC93}.Release|x86.Build.0 = Release|Any CPU
		{0B75B23F-1BB5-4B5C-BD74-6DD08E3358E7}.Debug|Any CPU.ActiveCfg = Debug|Any CPU
		{0B75B23F-1BB5-4B5C-BD74-6DD08E3358E7}.Debug|Any CPU.Build.0 = Debug|Any CPU
		{0B75B23F-1BB5-4B5C-BD74-6DD08E3358E7}.Debug|x64.ActiveCfg = Debug|Any CPU
		{0B75B23F-1BB5-4B5C-BD74-6DD08E3358E7}.Debug|x64.Build.0 = Debug|Any CPU
		{0B75B23F-1BB5-4B5C-BD74-6DD08E3358E7}.Debug|x86.ActiveCfg = Debug|Any CPU
		{0B75B23F-1BB5-4B5C-BD74-6DD08E3358E7}.Debug|x86.Build.0 = Debug|Any CPU
		{0B75B23F-1BB5-4B5C-BD74-6DD08E3358E7}.Release|Any CPU.ActiveCfg = Release|Any CPU
		{0B75B23F-1BB5-4B5C-BD74-6DD08E3358E7}.Release|Any CPU.Build.0 = Release|Any CPU
		{0B75B23F-1BB5-4B5C-BD74-6DD08E3358E7}.Release|x64.ActiveCfg = Release|Any CPU
		{0B75B23F-1BB5-4B5C-BD74-6DD08E3358E7}.Release|x64.Build.0 = Release|Any CPU
		{0B75B23F-1BB5-4B5C-BD74-6DD08E3358E7}.Release|x86.ActiveCfg = Release|Any CPU
		{0B75B23F-1BB5-4B5C-BD74-6DD08E3358E7}.Release|x86.Build.0 = Release|Any CPU
		{0C37D1EE-7718-4B3C-A7A9-8800D5E5DCF0}.Debug|Any CPU.ActiveCfg = Debug|Any CPU
		{0C37D1EE-7718-4B3C-A7A9-8800D5E5DCF0}.Debug|Any CPU.Build.0 = Debug|Any CPU
		{0C37D1EE-7718-4B3C-A7A9-8800D5E5DCF0}.Debug|x64.ActiveCfg = Debug|Any CPU
		{0C37D1EE-7718-4B3C-A7A9-8800D5E5DCF0}.Debug|x64.Build.0 = Debug|Any CPU
		{0C37D1EE-7718-4B3C-A7A9-8800D5E5DCF0}.Debug|x86.ActiveCfg = Debug|Any CPU
		{0C37D1EE-7718-4B3C-A7A9-8800D5E5DCF0}.Debug|x86.Build.0 = Debug|Any CPU
		{0C37D1EE-7718-4B3C-A7A9-8800D5E5DCF0}.Release|Any CPU.ActiveCfg = Release|Any CPU
		{0C37D1EE-7718-4B3C-A7A9-8800D5E5DCF0}.Release|Any CPU.Build.0 = Release|Any CPU
		{0C37D1EE-7718-4B3C-A7A9-8800D5E5DCF0}.Release|x64.ActiveCfg = Release|Any CPU
		{0C37D1EE-7718-4B3C-A7A9-8800D5E5DCF0}.Release|x64.Build.0 = Release|Any CPU
		{0C37D1EE-7718-4B3C-A7A9-8800D5E5DCF0}.Release|x86.ActiveCfg = Release|Any CPU
		{0C37D1EE-7718-4B3C-A7A9-8800D5E5DCF0}.Release|x86.Build.0 = Release|Any CPU
		{46DF4B32-7D3D-4DA5-90A2-0BF373BF02A6}.Debug|Any CPU.ActiveCfg = Debug|Any CPU
		{46DF4B32-7D3D-4DA5-90A2-0BF373BF02A6}.Debug|Any CPU.Build.0 = Debug|Any CPU
		{46DF4B32-7D3D-4DA5-90A2-0BF373BF02A6}.Debug|x64.ActiveCfg = Debug|Any CPU
		{46DF4B32-7D3D-4DA5-90A2-0BF373BF02A6}.Debug|x64.Build.0 = Debug|Any CPU
		{46DF4B32-7D3D-4DA5-90A2-0BF373BF02A6}.Debug|x86.ActiveCfg = Debug|Any CPU
		{46DF4B32-7D3D-4DA5-90A2-0BF373BF02A6}.Debug|x86.Build.0 = Debug|Any CPU
		{46DF4B32-7D3D-4DA5-90A2-0BF373BF02A6}.Release|Any CPU.ActiveCfg = Release|Any CPU
		{46DF4B32-7D3D-4DA5-90A2-0BF373BF02A6}.Release|Any CPU.Build.0 = Release|Any CPU
		{46DF4B32-7D3D-4DA5-90A2-0BF373BF02A6}.Release|x64.ActiveCfg = Release|Any CPU
		{46DF4B32-7D3D-4DA5-90A2-0BF373BF02A6}.Release|x64.Build.0 = Release|Any CPU
		{46DF4B32-7D3D-4DA5-90A2-0BF373BF02A6}.Release|x86.ActiveCfg = Release|Any CPU
		{46DF4B32-7D3D-4DA5-90A2-0BF373BF02A6}.Release|x86.Build.0 = Release|Any CPU
		{433BBCFA-9F42-4A97-93EF-8632D1C33728}.Debug|Any CPU.ActiveCfg = Debug|Any CPU
		{433BBCFA-9F42-4A97-93EF-8632D1C33728}.Debug|Any CPU.Build.0 = Debug|Any CPU
		{433BBCFA-9F42-4A97-93EF-8632D1C33728}.Debug|x64.ActiveCfg = Debug|Any CPU
		{433BBCFA-9F42-4A97-93EF-8632D1C33728}.Debug|x64.Build.0 = Debug|Any CPU
		{433BBCFA-9F42-4A97-93EF-8632D1C33728}.Debug|x86.ActiveCfg = Debug|Any CPU
		{433BBCFA-9F42-4A97-93EF-8632D1C33728}.Debug|x86.Build.0 = Debug|Any CPU
		{433BBCFA-9F42-4A97-93EF-8632D1C33728}.Release|Any CPU.ActiveCfg = Release|Any CPU
		{433BBCFA-9F42-4A97-93EF-8632D1C33728}.Release|Any CPU.Build.0 = Release|Any CPU
		{433BBCFA-9F42-4A97-93EF-8632D1C33728}.Release|x64.ActiveCfg = Release|Any CPU
		{433BBCFA-9F42-4A97-93EF-8632D1C33728}.Release|x64.Build.0 = Release|Any CPU
		{433BBCFA-9F42-4A97-93EF-8632D1C33728}.Release|x86.ActiveCfg = Release|Any CPU
		{433BBCFA-9F42-4A97-93EF-8632D1C33728}.Release|x86.Build.0 = Release|Any CPU
		{842FF074-140C-4918-9F98-C8E13C20FC7F}.Debug|Any CPU.ActiveCfg = Debug|Any CPU
		{842FF074-140C-4918-9F98-C8E13C20FC7F}.Debug|Any CPU.Build.0 = Debug|Any CPU
		{842FF074-140C-4918-9F98-C8E13C20FC7F}.Debug|x64.ActiveCfg = Debug|Any CPU
		{842FF074-140C-4918-9F98-C8E13C20FC7F}.Debug|x64.Build.0 = Debug|Any CPU
		{842FF074-140C-4918-9F98-C8E13C20FC7F}.Debug|x86.ActiveCfg = Debug|Any CPU
		{842FF074-140C-4918-9F98-C8E13C20FC7F}.Debug|x86.Build.0 = Debug|Any CPU
		{842FF074-140C-4918-9F98-C8E13C20FC7F}.Release|Any CPU.ActiveCfg = Release|Any CPU
		{842FF074-140C-4918-9F98-C8E13C20FC7F}.Release|Any CPU.Build.0 = Release|Any CPU
		{842FF074-140C-4918-9F98-C8E13C20FC7F}.Release|x64.ActiveCfg = Release|Any CPU
		{842FF074-140C-4918-9F98-C8E13C20FC7F}.Release|x64.Build.0 = Release|Any CPU
		{842FF074-140C-4918-9F98-C8E13C20FC7F}.Release|x86.ActiveCfg = Release|Any CPU
		{842FF074-140C-4918-9F98-C8E13C20FC7F}.Release|x86.Build.0 = Release|Any CPU
		{846CFB3B-B074-4C0E-A687-1BEDE12FDA82}.Debug|Any CPU.ActiveCfg = Debug|Any CPU
		{846CFB3B-B074-4C0E-A687-1BEDE12FDA82}.Debug|Any CPU.Build.0 = Debug|Any CPU
		{846CFB3B-B074-4C0E-A687-1BEDE12FDA82}.Debug|x64.ActiveCfg = Debug|Any CPU
		{846CFB3B-B074-4C0E-A687-1BEDE12FDA82}.Debug|x64.Build.0 = Debug|Any CPU
		{846CFB3B-B074-4C0E-A687-1BEDE12FDA82}.Debug|x86.ActiveCfg = Debug|Any CPU
		{846CFB3B-B074-4C0E-A687-1BEDE12FDA82}.Debug|x86.Build.0 = Debug|Any CPU
		{846CFB3B-B074-4C0E-A687-1BEDE12FDA82}.Release|Any CPU.ActiveCfg = Release|Any CPU
		{846CFB3B-B074-4C0E-A687-1BEDE12FDA82}.Release|Any CPU.Build.0 = Release|Any CPU
		{846CFB3B-B074-4C0E-A687-1BEDE12FDA82}.Release|x64.ActiveCfg = Release|Any CPU
		{846CFB3B-B074-4C0E-A687-1BEDE12FDA82}.Release|x64.Build.0 = Release|Any CPU
		{846CFB3B-B074-4C0E-A687-1BEDE12FDA82}.Release|x86.ActiveCfg = Release|Any CPU
		{846CFB3B-B074-4C0E-A687-1BEDE12FDA82}.Release|x86.Build.0 = Release|Any CPU
		{1294C040-CFED-48FD-A07F-3E64A27C3936}.Debug|Any CPU.ActiveCfg = Debug|Any CPU
		{1294C040-CFED-48FD-A07F-3E64A27C3936}.Debug|Any CPU.Build.0 = Debug|Any CPU
		{1294C040-CFED-48FD-A07F-3E64A27C3936}.Debug|x64.ActiveCfg = Debug|Any CPU
		{1294C040-CFED-48FD-A07F-3E64A27C3936}.Debug|x64.Build.0 = Debug|Any CPU
		{1294C040-CFED-48FD-A07F-3E64A27C3936}.Debug|x86.ActiveCfg = Debug|Any CPU
		{1294C040-CFED-48FD-A07F-3E64A27C3936}.Debug|x86.Build.0 = Debug|Any CPU
		{1294C040-CFED-48FD-A07F-3E64A27C3936}.Release|Any CPU.ActiveCfg = Release|Any CPU
		{1294C040-CFED-48FD-A07F-3E64A27C3936}.Release|Any CPU.Build.0 = Release|Any CPU
		{1294C040-CFED-48FD-A07F-3E64A27C3936}.Release|x64.ActiveCfg = Release|Any CPU
		{1294C040-CFED-48FD-A07F-3E64A27C3936}.Release|x64.Build.0 = Release|Any CPU
		{1294C040-CFED-48FD-A07F-3E64A27C3936}.Release|x86.ActiveCfg = Release|Any CPU
		{1294C040-CFED-48FD-A07F-3E64A27C3936}.Release|x86.Build.0 = Release|Any CPU
		{6D96F745-344E-46D0-B710-7899B96F637F}.Debug|Any CPU.ActiveCfg = Debug|Any CPU
		{6D96F745-344E-46D0-B710-7899B96F637F}.Debug|Any CPU.Build.0 = Debug|Any CPU
		{6D96F745-344E-46D0-B710-7899B96F637F}.Debug|x64.ActiveCfg = Debug|Any CPU
		{6D96F745-344E-46D0-B710-7899B96F637F}.Debug|x64.Build.0 = Debug|Any CPU
		{6D96F745-344E-46D0-B710-7899B96F637F}.Debug|x86.ActiveCfg = Debug|Any CPU
		{6D96F745-344E-46D0-B710-7899B96F637F}.Debug|x86.Build.0 = Debug|Any CPU
		{6D96F745-344E-46D0-B710-7899B96F637F}.Release|Any CPU.ActiveCfg = Release|Any CPU
		{6D96F745-344E-46D0-B710-7899B96F637F}.Release|Any CPU.Build.0 = Release|Any CPU
		{6D96F745-344E-46D0-B710-7899B96F637F}.Release|x64.ActiveCfg = Release|Any CPU
		{6D96F745-344E-46D0-B710-7899B96F637F}.Release|x64.Build.0 = Release|Any CPU
		{6D96F745-344E-46D0-B710-7899B96F637F}.Release|x86.ActiveCfg = Release|Any CPU
		{6D96F745-344E-46D0-B710-7899B96F637F}.Release|x86.Build.0 = Release|Any CPU
		{BD4DFC24-B807-4C5D-9EC6-608D5F1056B1}.Debug|Any CPU.ActiveCfg = Debug|Any CPU
		{BD4DFC24-B807-4C5D-9EC6-608D5F1056B1}.Debug|Any CPU.Build.0 = Debug|Any CPU
		{BD4DFC24-B807-4C5D-9EC6-608D5F1056B1}.Debug|x64.ActiveCfg = Debug|Any CPU
		{BD4DFC24-B807-4C5D-9EC6-608D5F1056B1}.Debug|x64.Build.0 = Debug|Any CPU
		{BD4DFC24-B807-4C5D-9EC6-608D5F1056B1}.Debug|x86.ActiveCfg = Debug|Any CPU
		{BD4DFC24-B807-4C5D-9EC6-608D5F1056B1}.Debug|x86.Build.0 = Debug|Any CPU
		{BD4DFC24-B807-4C5D-9EC6-608D5F1056B1}.Release|Any CPU.ActiveCfg = Release|Any CPU
		{BD4DFC24-B807-4C5D-9EC6-608D5F1056B1}.Release|Any CPU.Build.0 = Release|Any CPU
		{BD4DFC24-B807-4C5D-9EC6-608D5F1056B1}.Release|x64.ActiveCfg = Release|Any CPU
		{BD4DFC24-B807-4C5D-9EC6-608D5F1056B1}.Release|x64.Build.0 = Release|Any CPU
		{BD4DFC24-B807-4C5D-9EC6-608D5F1056B1}.Release|x86.ActiveCfg = Release|Any CPU
		{BD4DFC24-B807-4C5D-9EC6-608D5F1056B1}.Release|x86.Build.0 = Release|Any CPU
		{81AD0D9A-D660-41CD-AF39-51F8B9039C42}.Debug|Any CPU.ActiveCfg = Debug|Any CPU
		{81AD0D9A-D660-41CD-AF39-51F8B9039C42}.Debug|Any CPU.Build.0 = Debug|Any CPU
		{81AD0D9A-D660-41CD-AF39-51F8B9039C42}.Debug|x64.ActiveCfg = Debug|Any CPU
		{81AD0D9A-D660-41CD-AF39-51F8B9039C42}.Debug|x64.Build.0 = Debug|Any CPU
		{81AD0D9A-D660-41CD-AF39-51F8B9039C42}.Debug|x86.ActiveCfg = Debug|Any CPU
		{81AD0D9A-D660-41CD-AF39-51F8B9039C42}.Debug|x86.Build.0 = Debug|Any CPU
		{81AD0D9A-D660-41CD-AF39-51F8B9039C42}.Release|Any CPU.ActiveCfg = Release|Any CPU
		{81AD0D9A-D660-41CD-AF39-51F8B9039C42}.Release|Any CPU.Build.0 = Release|Any CPU
		{81AD0D9A-D660-41CD-AF39-51F8B9039C42}.Release|x64.ActiveCfg = Release|Any CPU
		{81AD0D9A-D660-41CD-AF39-51F8B9039C42}.Release|x64.Build.0 = Release|Any CPU
		{81AD0D9A-D660-41CD-AF39-51F8B9039C42}.Release|x86.ActiveCfg = Release|Any CPU
		{81AD0D9A-D660-41CD-AF39-51F8B9039C42}.Release|x86.Build.0 = Release|Any CPU
		{84E42051-0DC5-4492-9537-461D099C7E1C}.Debug|Any CPU.ActiveCfg = Debug|Any CPU
		{84E42051-0DC5-4492-9537-461D099C7E1C}.Debug|Any CPU.Build.0 = Debug|Any CPU
		{84E42051-0DC5-4492-9537-461D099C7E1C}.Debug|x64.ActiveCfg = Debug|Any CPU
		{84E42051-0DC5-4492-9537-461D099C7E1C}.Debug|x64.Build.0 = Debug|Any CPU
		{84E42051-0DC5-4492-9537-461D099C7E1C}.Debug|x86.ActiveCfg = Debug|Any CPU
		{84E42051-0DC5-4492-9537-461D099C7E1C}.Debug|x86.Build.0 = Debug|Any CPU
		{84E42051-0DC5-4492-9537-461D099C7E1C}.Release|Any CPU.ActiveCfg = Release|Any CPU
		{84E42051-0DC5-4492-9537-461D099C7E1C}.Release|Any CPU.Build.0 = Release|Any CPU
		{84E42051-0DC5-4492-9537-461D099C7E1C}.Release|x64.ActiveCfg = Release|Any CPU
		{84E42051-0DC5-4492-9537-461D099C7E1C}.Release|x64.Build.0 = Release|Any CPU
		{84E42051-0DC5-4492-9537-461D099C7E1C}.Release|x86.ActiveCfg = Release|Any CPU
		{84E42051-0DC5-4492-9537-461D099C7E1C}.Release|x86.Build.0 = Release|Any CPU
		{FC89C3BF-240A-4D74-8EE2-636B2698FA39}.Debug|Any CPU.ActiveCfg = Debug|Any CPU
		{FC89C3BF-240A-4D74-8EE2-636B2698FA39}.Debug|Any CPU.Build.0 = Debug|Any CPU
		{FC89C3BF-240A-4D74-8EE2-636B2698FA39}.Debug|x64.ActiveCfg = Debug|Any CPU
		{FC89C3BF-240A-4D74-8EE2-636B2698FA39}.Debug|x64.Build.0 = Debug|Any CPU
		{FC89C3BF-240A-4D74-8EE2-636B2698FA39}.Debug|x86.ActiveCfg = Debug|Any CPU
		{FC89C3BF-240A-4D74-8EE2-636B2698FA39}.Debug|x86.Build.0 = Debug|Any CPU
		{FC89C3BF-240A-4D74-8EE2-636B2698FA39}.Release|Any CPU.ActiveCfg = Release|Any CPU
		{FC89C3BF-240A-4D74-8EE2-636B2698FA39}.Release|Any CPU.Build.0 = Release|Any CPU
		{FC89C3BF-240A-4D74-8EE2-636B2698FA39}.Release|x64.ActiveCfg = Release|Any CPU
		{FC89C3BF-240A-4D74-8EE2-636B2698FA39}.Release|x64.Build.0 = Release|Any CPU
		{FC89C3BF-240A-4D74-8EE2-636B2698FA39}.Release|x86.ActiveCfg = Release|Any CPU
		{FC89C3BF-240A-4D74-8EE2-636B2698FA39}.Release|x86.Build.0 = Release|Any CPU
		{6F475151-CC6C-455D-8189-7665E2417406}.Debug|Any CPU.ActiveCfg = Debug|Any CPU
		{6F475151-CC6C-455D-8189-7665E2417406}.Debug|Any CPU.Build.0 = Debug|Any CPU
		{6F475151-CC6C-455D-8189-7665E2417406}.Debug|x64.ActiveCfg = Debug|Any CPU
		{6F475151-CC6C-455D-8189-7665E2417406}.Debug|x64.Build.0 = Debug|Any CPU
		{6F475151-CC6C-455D-8189-7665E2417406}.Debug|x86.ActiveCfg = Debug|Any CPU
		{6F475151-CC6C-455D-8189-7665E2417406}.Debug|x86.Build.0 = Debug|Any CPU
		{6F475151-CC6C-455D-8189-7665E2417406}.Release|Any CPU.ActiveCfg = Release|Any CPU
		{6F475151-CC6C-455D-8189-7665E2417406}.Release|Any CPU.Build.0 = Release|Any CPU
		{6F475151-CC6C-455D-8189-7665E2417406}.Release|x64.ActiveCfg = Release|Any CPU
		{6F475151-CC6C-455D-8189-7665E2417406}.Release|x64.Build.0 = Release|Any CPU
		{6F475151-CC6C-455D-8189-7665E2417406}.Release|x86.ActiveCfg = Release|Any CPU
		{6F475151-CC6C-455D-8189-7665E2417406}.Release|x86.Build.0 = Release|Any CPU
		{70F61CFD-39D0-4FE2-8776-26E05673281D}.Debug|Any CPU.ActiveCfg = Debug|Any CPU
		{70F61CFD-39D0-4FE2-8776-26E05673281D}.Debug|Any CPU.Build.0 = Debug|Any CPU
		{70F61CFD-39D0-4FE2-8776-26E05673281D}.Debug|x64.ActiveCfg = Debug|Any CPU
		{70F61CFD-39D0-4FE2-8776-26E05673281D}.Debug|x64.Build.0 = Debug|Any CPU
		{70F61CFD-39D0-4FE2-8776-26E05673281D}.Debug|x86.ActiveCfg = Debug|Any CPU
		{70F61CFD-39D0-4FE2-8776-26E05673281D}.Debug|x86.Build.0 = Debug|Any CPU
		{70F61CFD-39D0-4FE2-8776-26E05673281D}.Release|Any CPU.ActiveCfg = Release|Any CPU
		{70F61CFD-39D0-4FE2-8776-26E05673281D}.Release|Any CPU.Build.0 = Release|Any CPU
		{70F61CFD-39D0-4FE2-8776-26E05673281D}.Release|x64.ActiveCfg = Release|Any CPU
		{70F61CFD-39D0-4FE2-8776-26E05673281D}.Release|x64.Build.0 = Release|Any CPU
		{70F61CFD-39D0-4FE2-8776-26E05673281D}.Release|x86.ActiveCfg = Release|Any CPU
		{70F61CFD-39D0-4FE2-8776-26E05673281D}.Release|x86.Build.0 = Release|Any CPU
		{C9437C77-8364-4E10-A3C1-1AF4C90446A4}.Debug|Any CPU.ActiveCfg = Debug|Any CPU
		{C9437C77-8364-4E10-A3C1-1AF4C90446A4}.Debug|Any CPU.Build.0 = Debug|Any CPU
		{C9437C77-8364-4E10-A3C1-1AF4C90446A4}.Debug|x64.ActiveCfg = Debug|Any CPU
		{C9437C77-8364-4E10-A3C1-1AF4C90446A4}.Debug|x64.Build.0 = Debug|Any CPU
		{C9437C77-8364-4E10-A3C1-1AF4C90446A4}.Debug|x86.ActiveCfg = Debug|Any CPU
		{C9437C77-8364-4E10-A3C1-1AF4C90446A4}.Debug|x86.Build.0 = Debug|Any CPU
		{C9437C77-8364-4E10-A3C1-1AF4C90446A4}.Release|Any CPU.ActiveCfg = Release|Any CPU
		{C9437C77-8364-4E10-A3C1-1AF4C90446A4}.Release|Any CPU.Build.0 = Release|Any CPU
		{C9437C77-8364-4E10-A3C1-1AF4C90446A4}.Release|x64.ActiveCfg = Release|Any CPU
		{C9437C77-8364-4E10-A3C1-1AF4C90446A4}.Release|x64.Build.0 = Release|Any CPU
		{C9437C77-8364-4E10-A3C1-1AF4C90446A4}.Release|x86.ActiveCfg = Release|Any CPU
		{C9437C77-8364-4E10-A3C1-1AF4C90446A4}.Release|x86.Build.0 = Release|Any CPU
		{D26B1D97-F540-4FCB-BC37-662185B40D34}.Debug|Any CPU.ActiveCfg = Debug|Any CPU
		{D26B1D97-F540-4FCB-BC37-662185B40D34}.Debug|Any CPU.Build.0 = Debug|Any CPU
		{D26B1D97-F540-4FCB-BC37-662185B40D34}.Debug|x64.ActiveCfg = Debug|Any CPU
		{D26B1D97-F540-4FCB-BC37-662185B40D34}.Debug|x64.Build.0 = Debug|Any CPU
		{D26B1D97-F540-4FCB-BC37-662185B40D34}.Debug|x86.ActiveCfg = Debug|Any CPU
		{D26B1D97-F540-4FCB-BC37-662185B40D34}.Debug|x86.Build.0 = Debug|Any CPU
		{D26B1D97-F540-4FCB-BC37-662185B40D34}.Release|Any CPU.ActiveCfg = Release|Any CPU
		{D26B1D97-F540-4FCB-BC37-662185B40D34}.Release|Any CPU.Build.0 = Release|Any CPU
		{D26B1D97-F540-4FCB-BC37-662185B40D34}.Release|x64.ActiveCfg = Release|Any CPU
		{D26B1D97-F540-4FCB-BC37-662185B40D34}.Release|x64.Build.0 = Release|Any CPU
		{D26B1D97-F540-4FCB-BC37-662185B40D34}.Release|x86.ActiveCfg = Release|Any CPU
		{D26B1D97-F540-4FCB-BC37-662185B40D34}.Release|x86.Build.0 = Release|Any CPU
		{6CBB6AC2-F82C-4C81-9CEC-324D422C56E8}.Debug|Any CPU.ActiveCfg = Debug|Any CPU
		{6CBB6AC2-F82C-4C81-9CEC-324D422C56E8}.Debug|Any CPU.Build.0 = Debug|Any CPU
		{6CBB6AC2-F82C-4C81-9CEC-324D422C56E8}.Debug|x64.ActiveCfg = Debug|Any CPU
		{6CBB6AC2-F82C-4C81-9CEC-324D422C56E8}.Debug|x64.Build.0 = Debug|Any CPU
		{6CBB6AC2-F82C-4C81-9CEC-324D422C56E8}.Debug|x86.ActiveCfg = Debug|Any CPU
		{6CBB6AC2-F82C-4C81-9CEC-324D422C56E8}.Debug|x86.Build.0 = Debug|Any CPU
		{6CBB6AC2-F82C-4C81-9CEC-324D422C56E8}.Release|Any CPU.ActiveCfg = Release|Any CPU
		{6CBB6AC2-F82C-4C81-9CEC-324D422C56E8}.Release|Any CPU.Build.0 = Release|Any CPU
		{6CBB6AC2-F82C-4C81-9CEC-324D422C56E8}.Release|x64.ActiveCfg = Release|Any CPU
		{6CBB6AC2-F82C-4C81-9CEC-324D422C56E8}.Release|x64.Build.0 = Release|Any CPU
		{6CBB6AC2-F82C-4C81-9CEC-324D422C56E8}.Release|x86.ActiveCfg = Release|Any CPU
		{6CBB6AC2-F82C-4C81-9CEC-324D422C56E8}.Release|x86.Build.0 = Release|Any CPU
		{9599A64D-94E0-4BD5-B553-4E81A7EA313E}.Debug|Any CPU.ActiveCfg = Debug|Any CPU
		{9599A64D-94E0-4BD5-B553-4E81A7EA313E}.Debug|Any CPU.Build.0 = Debug|Any CPU
		{9599A64D-94E0-4BD5-B553-4E81A7EA313E}.Debug|x64.ActiveCfg = Debug|Any CPU
		{9599A64D-94E0-4BD5-B553-4E81A7EA313E}.Debug|x64.Build.0 = Debug|Any CPU
		{9599A64D-94E0-4BD5-B553-4E81A7EA313E}.Debug|x86.ActiveCfg = Debug|Any CPU
		{9599A64D-94E0-4BD5-B553-4E81A7EA313E}.Debug|x86.Build.0 = Debug|Any CPU
		{9599A64D-94E0-4BD5-B553-4E81A7EA313E}.Release|Any CPU.ActiveCfg = Release|Any CPU
		{9599A64D-94E0-4BD5-B553-4E81A7EA313E}.Release|Any CPU.Build.0 = Release|Any CPU
		{9599A64D-94E0-4BD5-B553-4E81A7EA313E}.Release|x64.ActiveCfg = Release|Any CPU
		{9599A64D-94E0-4BD5-B553-4E81A7EA313E}.Release|x64.Build.0 = Release|Any CPU
		{9599A64D-94E0-4BD5-B553-4E81A7EA313E}.Release|x86.ActiveCfg = Release|Any CPU
		{9599A64D-94E0-4BD5-B553-4E81A7EA313E}.Release|x86.Build.0 = Release|Any CPU
		{05065794-16DD-41A2-BBC3-DBA5439D0EFC}.Debug|Any CPU.ActiveCfg = Debug|Any CPU
		{05065794-16DD-41A2-BBC3-DBA5439D0EFC}.Debug|Any CPU.Build.0 = Debug|Any CPU
		{05065794-16DD-41A2-BBC3-DBA5439D0EFC}.Debug|x64.ActiveCfg = Debug|Any CPU
		{05065794-16DD-41A2-BBC3-DBA5439D0EFC}.Debug|x64.Build.0 = Debug|Any CPU
		{05065794-16DD-41A2-BBC3-DBA5439D0EFC}.Debug|x86.ActiveCfg = Debug|Any CPU
		{05065794-16DD-41A2-BBC3-DBA5439D0EFC}.Debug|x86.Build.0 = Debug|Any CPU
		{05065794-16DD-41A2-BBC3-DBA5439D0EFC}.Release|Any CPU.ActiveCfg = Release|Any CPU
		{05065794-16DD-41A2-BBC3-DBA5439D0EFC}.Release|Any CPU.Build.0 = Release|Any CPU
		{05065794-16DD-41A2-BBC3-DBA5439D0EFC}.Release|x64.ActiveCfg = Release|Any CPU
		{05065794-16DD-41A2-BBC3-DBA5439D0EFC}.Release|x64.Build.0 = Release|Any CPU
		{05065794-16DD-41A2-BBC3-DBA5439D0EFC}.Release|x86.ActiveCfg = Release|Any CPU
		{05065794-16DD-41A2-BBC3-DBA5439D0EFC}.Release|x86.Build.0 = Release|Any CPU
		{272A078A-D372-4749-952F-AF346828B143}.Debug|Any CPU.ActiveCfg = Debug|Any CPU
		{272A078A-D372-4749-952F-AF346828B143}.Debug|Any CPU.Build.0 = Debug|Any CPU
		{272A078A-D372-4749-952F-AF346828B143}.Debug|x64.ActiveCfg = Debug|Any CPU
		{272A078A-D372-4749-952F-AF346828B143}.Debug|x64.Build.0 = Debug|Any CPU
		{272A078A-D372-4749-952F-AF346828B143}.Debug|x86.ActiveCfg = Debug|Any CPU
		{272A078A-D372-4749-952F-AF346828B143}.Debug|x86.Build.0 = Debug|Any CPU
		{272A078A-D372-4749-952F-AF346828B143}.Release|Any CPU.ActiveCfg = Release|Any CPU
		{272A078A-D372-4749-952F-AF346828B143}.Release|Any CPU.Build.0 = Release|Any CPU
		{272A078A-D372-4749-952F-AF346828B143}.Release|x64.ActiveCfg = Release|Any CPU
		{272A078A-D372-4749-952F-AF346828B143}.Release|x64.Build.0 = Release|Any CPU
		{272A078A-D372-4749-952F-AF346828B143}.Release|x86.ActiveCfg = Release|Any CPU
		{272A078A-D372-4749-952F-AF346828B143}.Release|x86.Build.0 = Release|Any CPU
	EndGlobalSection
	GlobalSection(SolutionProperties) = preSolution
		HideSolutionNode = FALSE
	EndGlobalSection
	GlobalSection(NestedProjects) = preSolution
		{050EED9E-F8CB-4C29-AFDD-CFD8C3A0EFD7} = {D7BFC75C-4C08-49C5-95CA-9631A9772E11}
		{BEBE023C-2498-4209-9A0D-4B3B6A810BAB} = {D7BFC75C-4C08-49C5-95CA-9631A9772E11}
		{417C03A6-4A07-4437-86F4-BBDA2F34161F} = {D7BFC75C-4C08-49C5-95CA-9631A9772E11}
		{308D2613-9D71-4425-9D95-60932EC2FBA9} = {D7BFC75C-4C08-49C5-95CA-9631A9772E11}
		{7E1DB5EE-E152-42C0-97CC-F3C625FF3615} = {D7BFC75C-4C08-49C5-95CA-9631A9772E11}
		{38935CC8-317E-4606-89DD-F532FC50E729} = {D7BFC75C-4C08-49C5-95CA-9631A9772E11}
		{641CC7EA-F096-451C-866B-7EF1BE609C93} = {D7BFC75C-4C08-49C5-95CA-9631A9772E11}
		{2460E488-A9C0-4EA2-A17C-FF3A5A63DD8E} = {D7BFC75C-4C08-49C5-95CA-9631A9772E11}
		{6F8BD5B1-1D6B-4A49-AEB7-5A85EA14B0B4} = {79266305-0F36-4958-99F9-AD4996D6E0B1}
		{B5A1B2AE-F4C1-409A-8B49-68265C91AC93} = {79266305-0F36-4958-99F9-AD4996D6E0B1}
		{0B75B23F-1BB5-4B5C-BD74-6DD08E3358E7} = {79266305-0F36-4958-99F9-AD4996D6E0B1}
		{0C37D1EE-7718-4B3C-A7A9-8800D5E5DCF0} = {79266305-0F36-4958-99F9-AD4996D6E0B1}
		{46DF4B32-7D3D-4DA5-90A2-0BF373BF02A6} = {79266305-0F36-4958-99F9-AD4996D6E0B1}
		{433BBCFA-9F42-4A97-93EF-8632D1C33728} = {79266305-0F36-4958-99F9-AD4996D6E0B1}
		{842FF074-140C-4918-9F98-C8E13C20FC7F} = {79266305-0F36-4958-99F9-AD4996D6E0B1}
		{846CFB3B-B074-4C0E-A687-1BEDE12FDA82} = {79266305-0F36-4958-99F9-AD4996D6E0B1}
		{1294C040-CFED-48FD-A07F-3E64A27C3936} = {79266305-0F36-4958-99F9-AD4996D6E0B1}
		{6D96F745-344E-46D0-B710-7899B96F637F} = {EE69A107-8476-4DBD-B1FF-1614521E767E}
		{BD4DFC24-B807-4C5D-9EC6-608D5F1056B1} = {EE69A107-8476-4DBD-B1FF-1614521E767E}
		{81AD0D9A-D660-41CD-AF39-51F8B9039C42} = {EE69A107-8476-4DBD-B1FF-1614521E767E}
		{84E42051-0DC5-4492-9537-461D099C7E1C} = {EE69A107-8476-4DBD-B1FF-1614521E767E}
		{FC89C3BF-240A-4D74-8EE2-636B2698FA39} = {EE69A107-8476-4DBD-B1FF-1614521E767E}
		{6F475151-CC6C-455D-8189-7665E2417406} = {8AB706F8-ABD6-4385-AB4E-E891D9CA6444}
		{70F61CFD-39D0-4FE2-8776-26E05673281D} = {8AB706F8-ABD6-4385-AB4E-E891D9CA6444}
		{C9437C77-8364-4E10-A3C1-1AF4C90446A4} = {8AB706F8-ABD6-4385-AB4E-E891D9CA6444}
		{D26B1D97-F540-4FCB-BC37-662185B40D34} = {5EAF32BE-61D3-4E37-8D80-09AA1801EB99}
		{6CBB6AC2-F82C-4C81-9CEC-324D422C56E8} = {5EAF32BE-61D3-4E37-8D80-09AA1801EB99}
		{9599A64D-94E0-4BD5-B553-4E81A7EA313E} = {85DF93AB-5501-4B47-926F-13F535A8D1BA}
		{05065794-16DD-41A2-BBC3-DBA5439D0EFC} = {85DF93AB-5501-4B47-926F-13F535A8D1BA}
		{272A078A-D372-4749-952F-AF346828B143} = {85DF93AB-5501-4B47-926F-13F535A8D1BA}
	EndGlobalSection
	GlobalSection(ExtensibilityGlobals) = postSolution
		SolutionGuid = {AE1C6D13-B58C-4EC2-BB15-9BD07D8558AD}
	EndGlobalSection
EndGlobal
