
Microsoft Visual Studio Solution File, Format Version 12.00
# Visual Studio Version 17
VisualStudioVersion = 17.0.31410.414
MinimumVisualStudioVersion = 10.0.40219.1
Project("{2150E333-8FDC-42A3-9474-1A3956D46DE8}") = "Solution Items", "Solution Items", "{25C79711-0E7B-4BF0-B91E-F6D7D92586B6}"
	ProjectSection(SolutionItems) = preProject
		.editorconfig = .editorconfig
		.eslintrc = .eslintrc
	EndProjectSection
EndProject
Project("{2150E333-8FDC-42A3-9474-1A3956D46DE8}") = "CH02", "CH02", "{19E5A84B-752F-403D-BA66-C8BF84CC1CCD}"
EndProject
Project("{2150E333-8FDC-42A3-9474-1A3956D46DE8}") = "CH03", "CH03", "{39FD5B11-E3F3-4901-9A30-C6ED38F06E84}"
EndProject
Project("{9A19103F-16F7-4668-BE54-9A1E7A4F7556}") = "Twistat", "CH03\Twistat\Twistat.csproj", "{464BEF23-E03D-4DD0-9663-6359026E7729}"
EndProject
Project("{9A19103F-16F7-4668-BE54-9A1E7A4F7556}") = "EmojiChat", "CH03\EmojiChat\EmojiChat.csproj", "{882D645B-ACEF-4C92-AFD7-4AD9F8461DBE}"
EndProject
Project("{9A19103F-16F7-4668-BE54-9A1E7A4F7556}") = "TempReader", "CH03\HttpHandler\TempReader.csproj", "{92DA458A-8533-434A-9223-2326EFD96B07}"
EndProject
Project("{2150E333-8FDC-42A3-9474-1A3956D46DE8}") = "CH04", "CH04", "{E4E6A5EA-AC74-4E2C-BAAC-7C9323AD53A1}"
EndProject
Project("{9A19103F-16F7-4668-BE54-9A1E7A4F7556}") = "DateUtils", "CH04\DateUtils\DateUtils.csproj", "{3209A63B-66E3-4ED3-8F66-37CBBD40FB91}"
EndProject
Project("{9A19103F-16F7-4668-BE54-9A1E7A4F7556}") = "Tests", "CH04\DateUtilsTests\Tests.csproj", "{FF33B8B6-2F99-4E73-AB9D-A0D2E814D36D}"
EndProject
Project("{9A19103F-16F7-4668-BE54-9A1E7A4F7556}") = "User", "CH04\User\User.csproj", "{F8608B13-361D-4ECC-91B0-4AD2B0A69528}"
EndProject
Project("{9A19103F-16F7-4668-BE54-9A1E7A4F7556}") = "Posts", "CH04\Posts\Posts.csproj", "{73CA1146-7CBB-49BF-9DD9-133998FC30CC}"
EndProject
Project("{9A19103F-16F7-4668-BE54-9A1E7A4F7556}") = "Algorithms", "CH02\Algorithms\Algorithms.csproj", "{180D3A17-9B9F-4300-98BC-F8532400FF39}"
EndProject
Project("{9A19103F-16F7-4668-BE54-9A1E7A4F7556}") = "Arrays", "CH02\Arrays\Arrays.csproj", "{BEBE023C-2498-4209-9A0D-4B3B6A810BAB}"
EndProject
Project("{9A19103F-16F7-4668-BE54-9A1E7A4F7556}") = "HashCode", "CH02\HashCode\HashCode.csproj", "{A1EE7F3A-E576-46FB-9C2F-A7F8D466C086}"
EndProject
Project("{9A19103F-16F7-4668-BE54-9A1E7A4F7556}") = "Nullability", "CH02\Nullability\Nullability.csproj", "{98C4203B-B99F-4A0A-B40C-DB497BCD4EDB}"
EndProject
Project("{9A19103F-16F7-4668-BE54-9A1E7A4F7556}") = "ReferenceVsValueTypes", "CH02\ReferenceVsValueTypes\ReferenceVsValueTypes.csproj", "{037BC3D9-32B2-4019-86BB-1F1C471E4034}"
EndProject
Project("{9A19103F-16F7-4668-BE54-9A1E7A4F7556}") = "Supercalifragilisticexpialidocious", "CH02\Supercalifragilisticexpialidocious\Supercalifragilisticexpialidocious.csproj", "{3E30EA22-1E3D-4EEC-BD3F-88412B26E8C8}"
EndProject
Project("{9A19103F-16F7-4668-BE54-9A1E7A4F7556}") = "ValidationContext", "CH02\ValidationContext\ValidationContext.csproj", "{68F810C7-CABD-47E6-BAE5-1C17199EC8F8}"
EndProject
Project("{9A19103F-16F7-4668-BE54-9A1E7A4F7556}") = "ClassesVsStructs", "CH03\ClassesVsStructs\ClassesVsStructs.csproj", "{1BD7E577-9344-4C5B-900F-B4751BC92F7B}"
EndProject
Project("{9A19103F-16F7-4668-BE54-9A1E7A4F7556}") = "IfElse", "CH03\IfElse\IfElse.csproj", "{1F0075D1-E153-4A8D-89D3-095C3E53ABB2}"
EndProject
Project("{9A19103F-16F7-4668-BE54-9A1E7A4F7556}") = "OrderAPI", "CH03\OrderAPI\OrderAPI.csproj", "{1C2C3D13-1B74-43E0-B88A-DF37E2C94C30}"
EndProject
Project("{9A19103F-16F7-4668-BE54-9A1E7A4F7556}") = "TechnicalDebt", "CH03\TechnicalDebt\TechnicalDebt.csproj", "{6FBED2FA-FB4B-41EF-AFD5-F9D3384C8B07}"
EndProject
Project("{9A19103F-16F7-4668-BE54-9A1E7A4F7556}") = "Summer", "CH04\Summer\Summer.csproj", "{FBC49EF4-33D8-4646-9C1C-2DC70CCE4B07}"
EndProject
Project("{2150E333-8FDC-42A3-9474-1A3956D46DE8}") = "CH05", "CH05", "{CE3DBED0-191E-4FD9-953F-B18160C8F72A}"
EndProject
Project("{FAE04EC0-301F-11D3-BF4B-00C04F79EFBC}") = "Blabber", "CH05\Blabber\Blabber.csproj", "{6F475151-CC6C-455D-8189-7665E2417406}"
EndProject
Project("{9A19103F-16F7-4668-BE54-9A1E7A4F7556}") = "BlabberCore", "CH05\BlabberCore\BlabberCore.csproj", "{FD4A02AA-8FD4-4656-9170-886BD4AD977D}"
EndProject
Project("{9A19103F-16F7-4668-BE54-9A1E7A4F7556}") = "Blabber.Models", "CH05\Blabber.Models\Blabber.Models.csproj", "{7B0ABA06-A1B4-42AA-88F7-4FEE4D86892A}"
EndProject
Project("{9A19103F-16F7-4668-BE54-9A1E7A4F7556}") = "DI", "CH05\DI\DI.csproj", "{9BF8FEC9-3318-4BCD-9A9B-B569F3F87B52}"
EndProject
Project("{2150E333-8FDC-42A3-9474-1A3956D46DE8}") = "CH06", "CH06", "{CE44520B-414E-4163-98AE-5EDB9240E549}"
EndProject
Project("{9A19103F-16F7-4668-BE54-9A1E7A4F7556}") = "LoginExample", "CH06\LoginExample\LoginExample.csproj", "{B5CB14B2-5037-4726-9AA4-D43EA3C9E3D3}"
EndProject
Project("{9A19103F-16F7-4668-BE54-9A1E7A4F7556}") = "FoobleXSS", "CH06\XSS\FoobleXSS.csproj", "{C181536D-20EA-4BF0-97C6-A1A8B433678B}"
EndProject
Project("{2150E333-8FDC-42A3-9474-1A3956D46DE8}") = "CH07", "CH07", "{59BF3DE7-62C7-4737-A07D-7C7E53174F94}"
EndProject
Project("{9A19103F-16F7-4668-BE54-9A1E7A4F7556}") = "SimpleBenchmarkRunner", "CH07\BenchmarkRunner\SimpleBenchmarkRunner.csproj", "{BEADBFFF-14DC-4ECF-B681-7121182EA1F3}"
EndProject
Project("{9A19103F-16F7-4668-BE54-9A1E7A4F7556}") = "Patterns", "CH07\Patterns\Patterns.csproj", "{8E9DF57B-C9A9-4560-91B1-F09E051CCC87}"
EndProject
Project("{9A19103F-16F7-4668-BE54-9A1E7A4F7556}") = "IO", "CH07\IO\IO.csproj", "{1C0DC357-10C7-4743-AFC6-C1C1A5BF4C6C}"
EndProject
Project("{2150E333-8FDC-42A3-9474-1A3956D46DE8}") = "CH08", "CH08", "{AE16E7CC-4D33-4506-AC0F-A806616EE284}"
EndProject
Project("{9A19103F-16F7-4668-BE54-9A1E7A4F7556}") = "Connections", "CH08\Connections\Connections.csproj", "{52AE159D-C884-49CB-A71C-AB5B218C8296}"
EndProject
Project("{2150E333-8FDC-42A3-9474-1A3956D46DE8}") = "CH09", "CH09", "{A92C174B-77BF-49E0-89B4-40E9D8518069}"
EndProject
Project("{9A19103F-16F7-4668-BE54-9A1E7A4F7556}") = "Exceptions", "CH09\Exceptions\Exceptions.csproj", "{A634B28D-61A2-4783-9CA5-5337412A96D9}"
EndProject
Project("{9A19103F-16F7-4668-BE54-9A1E7A4F7556}") = "InfiniteLoop", "CH09\InfiniteLoop\InfiniteLoop.csproj", "{97E2BCAE-69CC-4BC2-BBAE-A1D9003FE4C3}"
EndProject
Project("{9A19103F-16F7-4668-BE54-9A1E7A4F7556}") = "Shoppidy", "CH03\Shoppidy\Shoppidy.csproj", "{E80E9BC7-D1B9-4375-8E90-63562876A7C3}"
EndProject
Project("{9A19103F-16F7-4668-BE54-9A1E7A4F7556}") = "Strings", "CH02\Strings\Strings.csproj", "{3DCC401D-9003-405E-91B2-94F4FD8CE95E}"
EndProject
Global
	GlobalSection(SolutionConfigurationPlatforms) = preSolution
		Debug|Any CPU = Debug|Any CPU
		Release|Any CPU = Release|Any CPU
	EndGlobalSection
	GlobalSection(ProjectConfigurationPlatforms) = postSolution
		{464BEF23-E03D-4DD0-9663-6359026E7729}.Debug|Any CPU.ActiveCfg = Debug|Any CPU
		{464BEF23-E03D-4DD0-9663-6359026E7729}.Debug|Any CPU.Build.0 = Debug|Any CPU
		{464BEF23-E03D-4DD0-9663-6359026E7729}.Release|Any CPU.ActiveCfg = Release|Any CPU
		{464BEF23-E03D-4DD0-9663-6359026E7729}.Release|Any CPU.Build.0 = Release|Any CPU
		{882D645B-ACEF-4C92-AFD7-4AD9F8461DBE}.Debug|Any CPU.ActiveCfg = Debug|Any CPU
		{882D645B-ACEF-4C92-AFD7-4AD9F8461DBE}.Debug|Any CPU.Build.0 = Debug|Any CPU
		{882D645B-ACEF-4C92-AFD7-4AD9F8461DBE}.Release|Any CPU.ActiveCfg = Release|Any CPU
		{882D645B-ACEF-4C92-AFD7-4AD9F8461DBE}.Release|Any CPU.Build.0 = Release|Any CPU
		{92DA458A-8533-434A-9223-2326EFD96B07}.Debug|Any CPU.ActiveCfg = Debug|Any CPU
		{92DA458A-8533-434A-9223-2326EFD96B07}.Debug|Any CPU.Build.0 = Debug|Any CPU
		{92DA458A-8533-434A-9223-2326EFD96B07}.Release|Any CPU.ActiveCfg = Release|Any CPU
		{92DA458A-8533-434A-9223-2326EFD96B07}.Release|Any CPU.Build.0 = Release|Any CPU
		{3209A63B-66E3-4ED3-8F66-37CBBD40FB91}.Debug|Any CPU.ActiveCfg = Debug|Any CPU
		{3209A63B-66E3-4ED3-8F66-37CBBD40FB91}.Debug|Any CPU.Build.0 = Debug|Any CPU
		{3209A63B-66E3-4ED3-8F66-37CBBD40FB91}.Release|Any CPU.ActiveCfg = Release|Any CPU
		{3209A63B-66E3-4ED3-8F66-37CBBD40FB91}.Release|Any CPU.Build.0 = Release|Any CPU
		{FF33B8B6-2F99-4E73-AB9D-A0D2E814D36D}.Debug|Any CPU.ActiveCfg = Debug|Any CPU
		{FF33B8B6-2F99-4E73-AB9D-A0D2E814D36D}.Debug|Any CPU.Build.0 = Debug|Any CPU
		{FF33B8B6-2F99-4E73-AB9D-A0D2E814D36D}.Release|Any CPU.ActiveCfg = Release|Any CPU
		{FF33B8B6-2F99-4E73-AB9D-A0D2E814D36D}.Release|Any CPU.Build.0 = Release|Any CPU
		{F8608B13-361D-4ECC-91B0-4AD2B0A69528}.Debug|Any CPU.ActiveCfg = Debug|Any CPU
		{F8608B13-361D-4ECC-91B0-4AD2B0A69528}.Debug|Any CPU.Build.0 = Debug|Any CPU
		{F8608B13-361D-4ECC-91B0-4AD2B0A69528}.Release|Any CPU.ActiveCfg = Release|Any CPU
		{F8608B13-361D-4ECC-91B0-4AD2B0A69528}.Release|Any CPU.Build.0 = Release|Any CPU
		{73CA1146-7CBB-49BF-9DD9-133998FC30CC}.Debug|Any CPU.ActiveCfg = Debug|Any CPU
		{73CA1146-7CBB-49BF-9DD9-133998FC30CC}.Debug|Any CPU.Build.0 = Debug|Any CPU
		{73CA1146-7CBB-49BF-9DD9-133998FC30CC}.Release|Any CPU.ActiveCfg = Release|Any CPU
		{73CA1146-7CBB-49BF-9DD9-133998FC30CC}.Release|Any CPU.Build.0 = Release|Any CPU
		{180D3A17-9B9F-4300-98BC-F8532400FF39}.Debug|Any CPU.ActiveCfg = Debug|Any CPU
		{180D3A17-9B9F-4300-98BC-F8532400FF39}.Debug|Any CPU.Build.0 = Debug|Any CPU
		{180D3A17-9B9F-4300-98BC-F8532400FF39}.Release|Any CPU.ActiveCfg = Release|Any CPU
		{180D3A17-9B9F-4300-98BC-F8532400FF39}.Release|Any CPU.Build.0 = Release|Any CPU
		{BEBE023C-2498-4209-9A0D-4B3B6A810BAB}.Debug|Any CPU.ActiveCfg = Debug|Any CPU
		{BEBE023C-2498-4209-9A0D-4B3B6A810BAB}.Debug|Any CPU.Build.0 = Debug|Any CPU
		{BEBE023C-2498-4209-9A0D-4B3B6A810BAB}.Release|Any CPU.ActiveCfg = Release|Any CPU
		{BEBE023C-2498-4209-9A0D-4B3B6A810BAB}.Release|Any CPU.Build.0 = Release|Any CPU
		{A1EE7F3A-E576-46FB-9C2F-A7F8D466C086}.Debug|Any CPU.ActiveCfg = Debug|Any CPU
		{A1EE7F3A-E576-46FB-9C2F-A7F8D466C086}.Debug|Any CPU.Build.0 = Debug|Any CPU
		{A1EE7F3A-E576-46FB-9C2F-A7F8D466C086}.Release|Any CPU.ActiveCfg = Release|Any CPU
		{A1EE7F3A-E576-46FB-9C2F-A7F8D466C086}.Release|Any CPU.Build.0 = Release|Any CPU
		{98C4203B-B99F-4A0A-B40C-DB497BCD4EDB}.Debug|Any CPU.ActiveCfg = Debug|Any CPU
		{98C4203B-B99F-4A0A-B40C-DB497BCD4EDB}.Debug|Any CPU.Build.0 = Debug|Any CPU
		{98C4203B-B99F-4A0A-B40C-DB497BCD4EDB}.Release|Any CPU.ActiveCfg = Release|Any CPU
		{98C4203B-B99F-4A0A-B40C-DB497BCD4EDB}.Release|Any CPU.Build.0 = Release|Any CPU
		{037BC3D9-32B2-4019-86BB-1F1C471E4034}.Debug|Any CPU.ActiveCfg = Debug|Any CPU
		{037BC3D9-32B2-4019-86BB-1F1C471E4034}.Debug|Any CPU.Build.0 = Debug|Any CPU
		{037BC3D9-32B2-4019-86BB-1F1C471E4034}.Release|Any CPU.ActiveCfg = Release|Any CPU
		{037BC3D9-32B2-4019-86BB-1F1C471E4034}.Release|Any CPU.Build.0 = Release|Any CPU
		{3E30EA22-1E3D-4EEC-BD3F-88412B26E8C8}.Debug|Any CPU.ActiveCfg = Debug|Any CPU
		{3E30EA22-1E3D-4EEC-BD3F-88412B26E8C8}.Debug|Any CPU.Build.0 = Debug|Any CPU
		{3E30EA22-1E3D-4EEC-BD3F-88412B26E8C8}.Release|Any CPU.ActiveCfg = Release|Any CPU
		{3E30EA22-1E3D-4EEC-BD3F-88412B26E8C8}.Release|Any CPU.Build.0 = Release|Any CPU
		{68F810C7-CABD-47E6-BAE5-1C17199EC8F8}.Debug|Any CPU.ActiveCfg = Debug|Any CPU
		{68F810C7-CABD-47E6-BAE5-1C17199EC8F8}.Debug|Any CPU.Build.0 = Debug|Any CPU
		{68F810C7-CABD-47E6-BAE5-1C17199EC8F8}.Release|Any CPU.ActiveCfg = Release|Any CPU
		{68F810C7-CABD-47E6-BAE5-1C17199EC8F8}.Release|Any CPU.Build.0 = Release|Any CPU
		{1BD7E577-9344-4C5B-900F-B4751BC92F7B}.Debug|Any CPU.ActiveCfg = Debug|Any CPU
		{1BD7E577-9344-4C5B-900F-B4751BC92F7B}.Debug|Any CPU.Build.0 = Debug|Any CPU
		{1BD7E577-9344-4C5B-900F-B4751BC92F7B}.Release|Any CPU.ActiveCfg = Release|Any CPU
		{1BD7E577-9344-4C5B-900F-B4751BC92F7B}.Release|Any CPU.Build.0 = Release|Any CPU
		{1F0075D1-E153-4A8D-89D3-095C3E53ABB2}.Debug|Any CPU.ActiveCfg = Debug|Any CPU
		{1F0075D1-E153-4A8D-89D3-095C3E53ABB2}.Debug|Any CPU.Build.0 = Debug|Any CPU
		{1F0075D1-E153-4A8D-89D3-095C3E53ABB2}.Release|Any CPU.ActiveCfg = Release|Any CPU
		{1F0075D1-E153-4A8D-89D3-095C3E53ABB2}.Release|Any CPU.Build.0 = Release|Any CPU
		{1C2C3D13-1B74-43E0-B88A-DF37E2C94C30}.Debug|Any CPU.ActiveCfg = Debug|Any CPU
		{1C2C3D13-1B74-43E0-B88A-DF37E2C94C30}.Debug|Any CPU.Build.0 = Debug|Any CPU
		{1C2C3D13-1B74-43E0-B88A-DF37E2C94C30}.Release|Any CPU.ActiveCfg = Release|Any CPU
		{1C2C3D13-1B74-43E0-B88A-DF37E2C94C30}.Release|Any CPU.Build.0 = Release|Any CPU
		{6FBED2FA-FB4B-41EF-AFD5-F9D3384C8B07}.Debug|Any CPU.ActiveCfg = Debug|Any CPU
		{6FBED2FA-FB4B-41EF-AFD5-F9D3384C8B07}.Debug|Any CPU.Build.0 = Debug|Any CPU
		{6FBED2FA-FB4B-41EF-AFD5-F9D3384C8B07}.Release|Any CPU.ActiveCfg = Release|Any CPU
		{6FBED2FA-FB4B-41EF-AFD5-F9D3384C8B07}.Release|Any CPU.Build.0 = Release|Any CPU
		{FBC49EF4-33D8-4646-9C1C-2DC70CCE4B07}.Debug|Any CPU.ActiveCfg = Debug|Any CPU
		{FBC49EF4-33D8-4646-9C1C-2DC70CCE4B07}.Debug|Any CPU.Build.0 = Debug|Any CPU
		{FBC49EF4-33D8-4646-9C1C-2DC70CCE4B07}.Release|Any CPU.ActiveCfg = Release|Any CPU
		{FBC49EF4-33D8-4646-9C1C-2DC70CCE4B07}.Release|Any CPU.Build.0 = Release|Any CPU
		{6F475151-CC6C-455D-8189-7665E2417406}.Debug|Any CPU.ActiveCfg = Debug|Any CPU
		{6F475151-CC6C-455D-8189-7665E2417406}.Debug|Any CPU.Build.0 = Debug|Any CPU
		{6F475151-CC6C-455D-8189-7665E2417406}.Release|Any CPU.ActiveCfg = Release|Any CPU
		{6F475151-CC6C-455D-8189-7665E2417406}.Release|Any CPU.Build.0 = Release|Any CPU
		{FD4A02AA-8FD4-4656-9170-886BD4AD977D}.Debug|Any CPU.ActiveCfg = Debug|Any CPU
		{FD4A02AA-8FD4-4656-9170-886BD4AD977D}.Debug|Any CPU.Build.0 = Debug|Any CPU
		{FD4A02AA-8FD4-4656-9170-886BD4AD977D}.Release|Any CPU.ActiveCfg = Release|Any CPU
		{FD4A02AA-8FD4-4656-9170-886BD4AD977D}.Release|Any CPU.Build.0 = Release|Any CPU
		{7B0ABA06-A1B4-42AA-88F7-4FEE4D86892A}.Debug|Any CPU.ActiveCfg = Debug|Any CPU
		{7B0ABA06-A1B4-42AA-88F7-4FEE4D86892A}.Debug|Any CPU.Build.0 = Debug|Any CPU
		{7B0ABA06-A1B4-42AA-88F7-4FEE4D86892A}.Release|Any CPU.ActiveCfg = Release|Any CPU
		{7B0ABA06-A1B4-42AA-88F7-4FEE4D86892A}.Release|Any CPU.Build.0 = Release|Any CPU
		{9BF8FEC9-3318-4BCD-9A9B-B569F3F87B52}.Debug|Any CPU.ActiveCfg = Debug|Any CPU
		{9BF8FEC9-3318-4BCD-9A9B-B569F3F87B52}.Debug|Any CPU.Build.0 = Debug|Any CPU
		{9BF8FEC9-3318-4BCD-9A9B-B569F3F87B52}.Release|Any CPU.ActiveCfg = Release|Any CPU
		{9BF8FEC9-3318-4BCD-9A9B-B569F3F87B52}.Release|Any CPU.Build.0 = Release|Any CPU
		{B5CB14B2-5037-4726-9AA4-D43EA3C9E3D3}.Debug|Any CPU.ActiveCfg = Debug|Any CPU
		{B5CB14B2-5037-4726-9AA4-D43EA3C9E3D3}.Debug|Any CPU.Build.0 = Debug|Any CPU
		{B5CB14B2-5037-4726-9AA4-D43EA3C9E3D3}.Release|Any CPU.ActiveCfg = Release|Any CPU
		{B5CB14B2-5037-4726-9AA4-D43EA3C9E3D3}.Release|Any CPU.Build.0 = Release|Any CPU
		{C181536D-20EA-4BF0-97C6-A1A8B433678B}.Debug|Any CPU.ActiveCfg = Debug|Any CPU
		{C181536D-20EA-4BF0-97C6-A1A8B433678B}.Debug|Any CPU.Build.0 = Debug|Any CPU
		{C181536D-20EA-4BF0-97C6-A1A8B433678B}.Release|Any CPU.ActiveCfg = Release|Any CPU
		{C181536D-20EA-4BF0-97C6-A1A8B433678B}.Release|Any CPU.Build.0 = Release|Any CPU
		{BEADBFFF-14DC-4ECF-B681-7121182EA1F3}.Debug|Any CPU.ActiveCfg = Debug|Any CPU
		{BEADBFFF-14DC-4ECF-B681-7121182EA1F3}.Debug|Any CPU.Build.0 = Debug|Any CPU
		{BEADBFFF-14DC-4ECF-B681-7121182EA1F3}.Release|Any CPU.ActiveCfg = Release|Any CPU
		{BEADBFFF-14DC-4ECF-B681-7121182EA1F3}.Release|Any CPU.Build.0 = Release|Any CPU
		{8E9DF57B-C9A9-4560-91B1-F09E051CCC87}.Debug|Any CPU.ActiveCfg = Debug|Any CPU
		{8E9DF57B-C9A9-4560-91B1-F09E051CCC87}.Debug|Any CPU.Build.0 = Debug|Any CPU
		{8E9DF57B-C9A9-4560-91B1-F09E051CCC87}.Release|Any CPU.ActiveCfg = Release|Any CPU
		{8E9DF57B-C9A9-4560-91B1-F09E051CCC87}.Release|Any CPU.Build.0 = Release|Any CPU
		{1C0DC357-10C7-4743-AFC6-C1C1A5BF4C6C}.Debug|Any CPU.ActiveCfg = Debug|Any CPU
		{1C0DC357-10C7-4743-AFC6-C1C1A5BF4C6C}.Debug|Any CPU.Build.0 = Debug|Any CPU
		{1C0DC357-10C7-4743-AFC6-C1C1A5BF4C6C}.Release|Any CPU.ActiveCfg = Release|Any CPU
		{1C0DC357-10C7-4743-AFC6-C1C1A5BF4C6C}.Release|Any CPU.Build.0 = Release|Any CPU
		{52AE159D-C884-49CB-A71C-AB5B218C8296}.Debug|Any CPU.ActiveCfg = Debug|Any CPU
		{52AE159D-C884-49CB-A71C-AB5B218C8296}.Debug|Any CPU.Build.0 = Debug|Any CPU
		{52AE159D-C884-49CB-A71C-AB5B218C8296}.Release|Any CPU.ActiveCfg = Release|Any CPU
		{52AE159D-C884-49CB-A71C-AB5B218C8296}.Release|Any CPU.Build.0 = Release|Any CPU
		{A634B28D-61A2-4783-9CA5-5337412A96D9}.Debug|Any CPU.ActiveCfg = Debug|Any CPU
		{A634B28D-61A2-4783-9CA5-5337412A96D9}.Debug|Any CPU.Build.0 = Debug|Any CPU
		{A634B28D-61A2-4783-9CA5-5337412A96D9}.Release|Any CPU.ActiveCfg = Release|Any CPU
		{A634B28D-61A2-4783-9CA5-5337412A96D9}.Release|Any CPU.Build.0 = Release|Any CPU
		{97E2BCAE-69CC-4BC2-BBAE-A1D9003FE4C3}.Debug|Any CPU.ActiveCfg = Debug|Any CPU
		{97E2BCAE-69CC-4BC2-BBAE-A1D9003FE4C3}.Debug|Any CPU.Build.0 = Debug|Any CPU
		{97E2BCAE-69CC-4BC2-BBAE-A1D9003FE4C3}.Release|Any CPU.ActiveCfg = Release|Any CPU
		{97E2BCAE-69CC-4BC2-BBAE-A1D9003FE4C3}.Release|Any CPU.Build.0 = Release|Any CPU
		{E80E9BC7-D1B9-4375-8E90-63562876A7C3}.Debug|Any CPU.ActiveCfg = Debug|Any CPU
		{E80E9BC7-D1B9-4375-8E90-63562876A7C3}.Debug|Any CPU.Build.0 = Debug|Any CPU
		{E80E9BC7-D1B9-4375-8E90-63562876A7C3}.Release|Any CPU.ActiveCfg = Release|Any CPU
		{E80E9BC7-D1B9-4375-8E90-63562876A7C3}.Release|Any CPU.Build.0 = Release|Any CPU
		{3DCC401D-9003-405E-91B2-94F4FD8CE95E}.Debug|Any CPU.ActiveCfg = Debug|Any CPU
		{3DCC401D-9003-405E-91B2-94F4FD8CE95E}.Debug|Any CPU.Build.0 = Debug|Any CPU
		{3DCC401D-9003-405E-91B2-94F4FD8CE95E}.Release|Any CPU.ActiveCfg = Release|Any CPU
		{3DCC401D-9003-405E-91B2-94F4FD8CE95E}.Release|Any CPU.Build.0 = Release|Any CPU
	EndGlobalSection
	GlobalSection(SolutionProperties) = preSolution
		HideSolutionNode = FALSE
	EndGlobalSection
	GlobalSection(NestedProjects) = preSolution
		{464BEF23-E03D-4DD0-9663-6359026E7729} = {39FD5B11-E3F3-4901-9A30-C6ED38F06E84}
		{882D645B-ACEF-4C92-AFD7-4AD9F8461DBE} = {39FD5B11-E3F3-4901-9A30-C6ED38F06E84}
		{92DA458A-8533-434A-9223-2326EFD96B07} = {39FD5B11-E3F3-4901-9A30-C6ED38F06E84}
		{3209A63B-66E3-4ED3-8F66-37CBBD40FB91} = {E4E6A5EA-AC74-4E2C-BAAC-7C9323AD53A1}
		{FF33B8B6-2F99-4E73-AB9D-A0D2E814D36D} = {E4E6A5EA-AC74-4E2C-BAAC-7C9323AD53A1}
		{F8608B13-361D-4ECC-91B0-4AD2B0A69528} = {E4E6A5EA-AC74-4E2C-BAAC-7C9323AD53A1}
		{73CA1146-7CBB-49BF-9DD9-133998FC30CC} = {E4E6A5EA-AC74-4E2C-BAAC-7C9323AD53A1}
		{180D3A17-9B9F-4300-98BC-F8532400FF39} = {19E5A84B-752F-403D-BA66-C8BF84CC1CCD}
		{BEBE023C-2498-4209-9A0D-4B3B6A810BAB} = {19E5A84B-752F-403D-BA66-C8BF84CC1CCD}
		{A1EE7F3A-E576-46FB-9C2F-A7F8D466C086} = {19E5A84B-752F-403D-BA66-C8BF84CC1CCD}
		{98C4203B-B99F-4A0A-B40C-DB497BCD4EDB} = {19E5A84B-752F-403D-BA66-C8BF84CC1CCD}
		{037BC3D9-32B2-4019-86BB-1F1C471E4034} = {19E5A84B-752F-403D-BA66-C8BF84CC1CCD}
		{3E30EA22-1E3D-4EEC-BD3F-88412B26E8C8} = {19E5A84B-752F-403D-BA66-C8BF84CC1CCD}
		{68F810C7-CABD-47E6-BAE5-1C17199EC8F8} = {19E5A84B-752F-403D-BA66-C8BF84CC1CCD}
		{1BD7E577-9344-4C5B-900F-B4751BC92F7B} = {39FD5B11-E3F3-4901-9A30-C6ED38F06E84}
		{1F0075D1-E153-4A8D-89D3-095C3E53ABB2} = {39FD5B11-E3F3-4901-9A30-C6ED38F06E84}
		{1C2C3D13-1B74-43E0-B88A-DF37E2C94C30} = {39FD5B11-E3F3-4901-9A30-C6ED38F06E84}
		{6FBED2FA-FB4B-41EF-AFD5-F9D3384C8B07} = {39FD5B11-E3F3-4901-9A30-C6ED38F06E84}
		{FBC49EF4-33D8-4646-9C1C-2DC70CCE4B07} = {E4E6A5EA-AC74-4E2C-BAAC-7C9323AD53A1}
		{6F475151-CC6C-455D-8189-7665E2417406} = {CE3DBED0-191E-4FD9-953F-B18160C8F72A}
		{FD4A02AA-8FD4-4656-9170-886BD4AD977D} = {CE3DBED0-191E-4FD9-953F-B18160C8F72A}
		{7B0ABA06-A1B4-42AA-88F7-4FEE4D86892A} = {CE3DBED0-191E-4FD9-953F-B18160C8F72A}
		{9BF8FEC9-3318-4BCD-9A9B-B569F3F87B52} = {CE3DBED0-191E-4FD9-953F-B18160C8F72A}
		{B5CB14B2-5037-4726-9AA4-D43EA3C9E3D3} = {CE44520B-414E-4163-98AE-5EDB9240E549}
		{C181536D-20EA-4BF0-97C6-A1A8B433678B} = {CE44520B-414E-4163-98AE-5EDB9240E549}
		{BEADBFFF-14DC-4ECF-B681-7121182EA1F3} = {59BF3DE7-62C7-4737-A07D-7C7E53174F94}
		{8E9DF57B-C9A9-4560-91B1-F09E051CCC87} = {59BF3DE7-62C7-4737-A07D-7C7E53174F94}
		{1C0DC357-10C7-4743-AFC6-C1C1A5BF4C6C} = {59BF3DE7-62C7-4737-A07D-7C7E53174F94}
		{52AE159D-C884-49CB-A71C-AB5B218C8296} = {AE16E7CC-4D33-4506-AC0F-A806616EE284}
		{A634B28D-61A2-4783-9CA5-5337412A96D9} = {A92C174B-77BF-49E0-89B4-40E9D8518069}
		{97E2BCAE-69CC-4BC2-BBAE-A1D9003FE4C3} = {A92C174B-77BF-49E0-89B4-40E9D8518069}
		{E80E9BC7-D1B9-4375-8E90-63562876A7C3} = {39FD5B11-E3F3-4901-9A30-C6ED38F06E84}
		{3DCC401D-9003-405E-91B2-94F4FD8CE95E} = {19E5A84B-752F-403D-BA66-C8BF84CC1CCD}
	EndGlobalSection
	GlobalSection(ExtensibilityGlobals) = postSolution
		SolutionGuid = {194825CB-72AE-476D-8A3F-19C1B6D8DF8D}
	EndGlobalSection
EndGlobal
